
Microsoft Visual Studio Solution File, Format Version 12.00
# Visual Studio Version 17
VisualStudioVersion = 17.7.34031.279
MinimumVisualStudioVersion = 10.0.40219.1
Project("{9A19103F-16F7-4668-BE54-9A1E7A4F7556}") = "HillBilly API", "HillBilly API\HillBilly API.csproj", "{2B0CF57E-5B2D-44C8-8491-D4459463C89C}"
EndProject
Project("{FAE04EC0-301F-11D3-BF4B-00C04F79EFBC}") = "SoftwareSecurityConsole", "SoftwareSecurityConsole\SoftwareSecurityConsole.csproj", "{B00D15B2-3A3E-40F7-BD17-91DF9700050A}"
EndProject
Global
	GlobalSection(SolutionConfigurationPlatforms) = preSolution
		Debug|Any CPU = Debug|Any CPU
		Release|Any CPU = Release|Any CPU
	EndGlobalSection
	GlobalSection(ProjectConfigurationPlatforms) = postSolution
		{2B0CF57E-5B2D-44C8-8491-D4459463C89C}.Debug|Any CPU.ActiveCfg = Debug|Any CPU
		{2B0CF57E-5B2D-44C8-8491-D4459463C89C}.Debug|Any CPU.Build.0 = Debug|Any CPU
		{2B0CF57E-5B2D-44C8-8491-D4459463C89C}.Release|Any CPU.ActiveCfg = Release|Any CPU
		{2B0CF57E-5B2D-44C8-8491-D4459463C89C}.Release|Any CPU.Build.0 = Release|Any CPU
		{B00D15B2-3A3E-40F7-BD17-91DF9700050A}.Debug|Any CPU.ActiveCfg = Debug|Any CPU
		{B00D15B2-3A3E-40F7-BD17-91DF9700050A}.Debug|Any CPU.Build.0 = Debug|Any CPU
		{B00D15B2-3A3E-40F7-BD17-91DF9700050A}.Release|Any CPU.ActiveCfg = Release|Any CPU
		{B00D15B2-3A3E-40F7-BD17-91DF9700050A}.Release|Any CPU.Build.0 = Release|Any CPU
	EndGlobalSection
	GlobalSection(SolutionProperties) = preSolution
		HideSolutionNode = FALSE
	EndGlobalSection
	GlobalSection(ExtensibilityGlobals) = postSolution
		SolutionGuid = {18BB0410-847D-4B5E-A10B-4FDC8552B8CD}
	EndGlobalSection
EndGlobal
